
Microsoft Visual Studio Solution File, Format Version 12.00
# Visual Studio 15
VisualStudioVersion = 15.0.27004.2005
MinimumVisualStudioVersion = 10.0.40219.1
Project("{FAE04EC0-301F-11D3-BF4B-00C04F79EFBC}") = "klawiatura", "klawiatura\klawiatura.csproj", "{9DC0E257-25E3-4C00-B524-4B2D515695A9}"
EndProject
Global
	GlobalSection(SolutionConfigurationPlatforms) = preSolution
		Android|Any CPU = Android|Any CPU
		Debug|Any CPU = Debug|Any CPU
		Release|Any CPU = Release|Any CPU
	EndGlobalSection
	GlobalSection(ProjectConfigurationPlatforms) = postSolution
		{9DC0E257-25E3-4C00-B524-4B2D515695A9}.Android|Any CPU.ActiveCfg = Debug|Any CPU
		{9DC0E257-25E3-4C00-B524-4B2D515695A9}.Android|Any CPU.Build.0 = Debug|Any CPU
		{9DC0E257-25E3-4C00-B524-4B2D515695A9}.Debug|Any CPU.ActiveCfg = Debug|Any CPU
		{9DC0E257-25E3-4C00-B524-4B2D515695A9}.Debug|Any CPU.Build.0 = Debug|Any CPU
		{9DC0E257-25E3-4C00-B524-4B2D515695A9}.Release|Any CPU.ActiveCfg = Release|Any CPU
		{9DC0E257-25E3-4C00-B524-4B2D515695A9}.Release|Any CPU.Build.0 = Release|Any CPU
	EndGlobalSection
	GlobalSection(SolutionProperties) = preSolution
		HideSolutionNode = FALSE
	EndGlobalSection
	GlobalSection(ExtensibilityGlobals) = postSolution
		SolutionGuid = {720AAFE8-0CB0-422B-97DF-699D606AC2BE}
	EndGlobalSection
EndGlobal
